
Microsoft Visual Studio Solution File, Format Version 12.00
# Visual Studio Version 16
VisualStudioVersion = 16.0.29025.244
MinimumVisualStudioVersion = 10.0.40219.1
Project("{8BC9CEB8-8B4A-11D0-8D11-00A0C91BC942}") = "Sunflower_Server", "ProSunflower\ProSunflower.vcxproj", "{4A163807-9075-4E08-9D7B-31F4B5AC7362}"
EndProject
Project("{8BC9CEB8-8B4A-11D0-8D11-00A0C91BC942}") = "Sunflower_Client", "Sunflower_Client\Sunflower_Client.vcxproj", "{8FF95E52-91C3-410A-AFB3-98207627B938}"
EndProject
Global
	GlobalSection(SolutionConfigurationPlatforms) = preSolution
		Debug|x64 = Debug|x64
		Debug|x86 = Debug|x86
		Release|x64 = Release|x64
		Release|x86 = Release|x86
	EndGlobalSection
	GlobalSection(ProjectConfigurationPlatforms) = postSolution
		{4A163807-9075-4E08-9D7B-31F4B5AC7362}.Debug|x64.ActiveCfg = Debug|x64
		{4A163807-9075-4E08-9D7B-31F4B5AC7362}.Debug|x64.Build.0 = Debug|x64
		{4A163807-9075-4E08-9D7B-31F4B5AC7362}.Debug|x86.ActiveCfg = Debug|Win32
		{4A163807-9075-4E08-9D7B-31F4B5AC7362}.Debug|x86.Build.0 = Debug|Win32
		{4A163807-9075-4E08-9D7B-31F4B5AC7362}.Release|x64.ActiveCfg = Release|x64
		{4A163807-9075-4E08-9D7B-31F4B5AC7362}.Release|x64.Build.0 = Release|x64
		{4A163807-9075-4E08-9D7B-31F4B5AC7362}.Release|x86.ActiveCfg = Release|Win32
		{4A163807-9075-4E08-9D7B-31F4B5AC7362}.Release|x86.Build.0 = Release|Win32
		{8FF95E52-91C3-410A-AFB3-98207627B938}.Debug|x64.ActiveCfg = Debug|x64
		{8FF95E52-91C3-410A-AFB3-98207627B938}.Debug|x64.Build.0 = Debug|x64
		{8FF95E52-91C3-410A-AFB3-98207627B938}.Debug|x86.ActiveCfg = Debug|Win32
		{8FF95E52-91C3-410A-AFB3-98207627B938}.Debug|x86.Build.0 = Debug|Win32
		{8FF95E52-91C3-410A-AFB3-98207627B938}.Release|x64.ActiveCfg = Release|x64
		{8FF95E52-91C3-410A-AFB3-98207627B938}.Release|x64.Build.0 = Release|x64
		{8FF95E52-91C3-410A-AFB3-98207627B938}.Release|x86.ActiveCfg = Release|Win32
		{8FF95E52-91C3-410A-AFB3-98207627B938}.Release|x86.Build.0 = Release|Win32
	EndGlobalSection
	GlobalSection(SolutionProperties) = preSolution
		HideSolutionNode = FALSE
	EndGlobalSection
	GlobalSection(ExtensibilityGlobals) = postSolution
		SolutionGuid = {3B0C73D5-2CF2-4910-BB05-3E115A877184}
	EndGlobalSection
EndGlobal
